
Microsoft Visual Studio Solution File, Format Version 12.00
# Visual Studio Version 17
VisualStudioVersion = 17.10.34916.146
MinimumVisualStudioVersion = 10.0.40219.1
Project("{888888A0-9F3D-457C-B088-3A5042F75D52}") = "lab7", "lab7\lab7.pyproj", "{6BCD1C9F-4C05-4985-BB84-F088C3C56253}"
EndProject
Global
	GlobalSection(SolutionConfigurationPlatforms) = preSolution
		Debug|Any CPU = Debug|Any CPU
		Release|Any CPU = Release|Any CPU
	EndGlobalSection
	GlobalSection(ProjectConfigurationPlatforms) = postSolution
		{6BCD1C9F-4C05-4985-BB84-F088C3C56253}.Debug|Any CPU.ActiveCfg = Debug|Any CPU
		{6BCD1C9F-4C05-4985-BB84-F088C3C56253}.Release|Any CPU.ActiveCfg = Release|Any CPU
	EndGlobalSection
	GlobalSection(SolutionProperties) = preSolution
		HideSolutionNode = FALSE
	EndGlobalSection
	GlobalSection(ExtensibilityGlobals) = postSolution
		SolutionGuid = {D1220481-671D-458D-8F9A-584F66379C56}
	EndGlobalSection
EndGlobal
